
Microsoft Visual Studio Solution File, Format Version 12.00
# Visual Studio 15
VisualStudioVersion = 15.0.28307.539
MinimumVisualStudioVersion = 10.0.40219.1
Project("{FAE04EC0-301F-11D3-BF4B-00C04F79EFBC}") = "ACME MOTORS", "ACME MOTORS\ACME MOTORS.csproj", "{DC99D282-9FC6-4A25-8B9D-0EDC1AEA08A0}"
EndProject
Global
	GlobalSection(SolutionConfigurationPlatforms) = preSolution
		Debug|Any CPU = Debug|Any CPU
		Release|Any CPU = Release|Any CPU
	EndGlobalSection
	GlobalSection(ProjectConfigurationPlatforms) = postSolution
		{DC99D282-9FC6-4A25-8B9D-0EDC1AEA08A0}.Debug|Any CPU.ActiveCfg = Debug|Any CPU
		{DC99D282-9FC6-4A25-8B9D-0EDC1AEA08A0}.Debug|Any CPU.Build.0 = Debug|Any CPU
		{DC99D282-9FC6-4A25-8B9D-0EDC1AEA08A0}.Release|Any CPU.ActiveCfg = Release|Any CPU
		{DC99D282-9FC6-4A25-8B9D-0EDC1AEA08A0}.Release|Any CPU.Build.0 = Release|Any CPU
	EndGlobalSection
	GlobalSection(SolutionProperties) = preSolution
		HideSolutionNode = FALSE
	EndGlobalSection
	GlobalSection(ExtensibilityGlobals) = postSolution
		SolutionGuid = {95CD5236-FCA9-4176-B8E8-C89F1E111BD8}
	EndGlobalSection
EndGlobal
